// !$*UTF8*$!
{
	archiveVersion = 1;
	classes = {
	};
	objectVersion = 46;
	objects = {

/* Begin PBXBuildFile section */
		421636221DA00C8300BB3F2C /* TeamProfileViewController.swift in Sources */ = {isa = PBXBuildFile; fileRef = 421636211DA00C8300BB3F2C /* TeamProfileViewController.swift */; };
		421636241DA01AB600BB3F2C /* TeamProfileCoordinator.swift in Sources */ = {isa = PBXBuildFile; fileRef = 421636231DA01AB600BB3F2C /* TeamProfileCoordinator.swift */; };
		42169DC31DA2C83B00FD9873 /* Coordinator.swift in Sources */ = {isa = PBXBuildFile; fileRef = 42169DC21DA2C83B00FD9873 /* Coordinator.swift */; };
		421D16FD1D9EFBFC0036E81A /* AppDelegate.swift in Sources */ = {isa = PBXBuildFile; fileRef = 421D16FC1D9EFBFC0036E81A /* AppDelegate.swift */; };
		421D17021D9EFBFC0036E81A /* Main.storyboard in Resources */ = {isa = PBXBuildFile; fileRef = 421D17001D9EFBFC0036E81A /* Main.storyboard */; };
		421D17041D9EFBFC0036E81A /* Assets.xcassets in Resources */ = {isa = PBXBuildFile; fileRef = 421D17031D9EFBFC0036E81A /* Assets.xcassets */; };
		421D17071D9EFBFC0036E81A /* LaunchScreen.storyboard in Resources */ = {isa = PBXBuildFile; fileRef = 421D17051D9EFBFC0036E81A /* LaunchScreen.storyboard */; };
		421D17121D9EFBFC0036E81A /* PlaycallerTests.swift in Sources */ = {isa = PBXBuildFile; fileRef = 421D17111D9EFBFC0036E81A /* PlaycallerTests.swift */; };
		421D171D1D9EFFA60036E81A /* MainViewController.swift in Sources */ = {isa = PBXBuildFile; fileRef = 421D171C1D9EFFA60036E81A /* MainViewController.swift */; };
		421D171F1D9F05E50036E81A /* UIKit-Extensions.swift in Sources */ = {isa = PBXBuildFile; fileRef = 421D171E1D9F05E50036E81A /* UIKit-Extensions.swift */; };
		421D17211D9F0AB70036E81A /* hashmarks.png in Resources */ = {isa = PBXBuildFile; fileRef = 421D17201D9F0AB70036E81A /* hashmarks.png */; };
		421D17251D9F39900036E81A /* Playbook.storyboard in Resources */ = {isa = PBXBuildFile; fileRef = 421D17241D9F39900036E81A /* Playbook.storyboard */; };
		421D17271D9F43630036E81A /* AppCoordinator.swift in Sources */ = {isa = PBXBuildFile; fileRef = 421D17261D9F43630036E81A /* AppCoordinator.swift */; };
		421D172A1D9F496D0036E81A /* TeamProfile.storyboard in Resources */ = {isa = PBXBuildFile; fileRef = 421D17291D9F496D0036E81A /* TeamProfile.storyboard */; };
		4247CFDD1DA475D400CECC3E /* CoordinatorTests.swift in Sources */ = {isa = PBXBuildFile; fileRef = 4247CFDC1DA475D400CECC3E /* CoordinatorTests.swift */; };
		4247CFE01DA56FF100CECC3E /* FrostyBackgroundDecoration.swift in Sources */ = {isa = PBXBuildFile; fileRef = 4247CFDF1DA56FF100CECC3E /* FrostyBackgroundDecoration.swift */; };
		4247CFEF1DA5A4D500CECC3E /* Events.framework in Frameworks */ = {isa = PBXBuildFile; fileRef = 4247CFE61DA5A4D400CECC3E /* Events.framework */; };
		4247CFF61DA5A4D500CECC3E /* EventsTests.swift in Sources */ = {isa = PBXBuildFile; fileRef = 4247CFF51DA5A4D500CECC3E /* EventsTests.swift */; };
		4247CFF81DA5A4D500CECC3E /* Events.h in Headers */ = {isa = PBXBuildFile; fileRef = 4247CFE81DA5A4D400CECC3E /* Events.h */; settings = {ATTRIBUTES = (Public, ); }; };
		4247CFFB1DA5A4D500CECC3E /* Events.framework in Frameworks */ = {isa = PBXBuildFile; fileRef = 4247CFE61DA5A4D400CECC3E /* Events.framework */; };
		4247CFFC1DA5A4D500CECC3E /* Events.framework in Embed Frameworks */ = {isa = PBXBuildFile; fileRef = 4247CFE61DA5A4D400CECC3E /* Events.framework */; settings = {ATTRIBUTES = (CodeSignOnCopy, RemoveHeadersOnCopy, ); }; };
		4247D0051DA5A4FD00CECC3E /* EventDistributer.swift in Sources */ = {isa = PBXBuildFile; fileRef = 4247D0041DA5A4FD00CECC3E /* EventDistributer.swift */; };
		4247D0071DA5A61000CECC3E /* EventDistributerTests.swift in Sources */ = {isa = PBXBuildFile; fileRef = 4247D0061DA5A61000CECC3E /* EventDistributerTests.swift */; };
/* End PBXBuildFile section */

/* Begin PBXContainerItemProxy section */
		421D170E1D9EFBFC0036E81A /* PBXContainerItemProxy */ = {
			isa = PBXContainerItemProxy;
			containerPortal = 421D16F11D9EFBFC0036E81A /* Project object */;
			proxyType = 1;
			remoteGlobalIDString = 421D16F81D9EFBFC0036E81A;
			remoteInfo = Playcaller;
		};
		4247CFF01DA5A4D500CECC3E /* PBXContainerItemProxy */ = {
			isa = PBXContainerItemProxy;
			containerPortal = 421D16F11D9EFBFC0036E81A /* Project object */;
			proxyType = 1;
			remoteGlobalIDString = 4247CFE51DA5A4D400CECC3E;
			remoteInfo = Events;
		};
		4247CFF21DA5A4D500CECC3E /* PBXContainerItemProxy */ = {
			isa = PBXContainerItemProxy;
			containerPortal = 421D16F11D9EFBFC0036E81A /* Project object */;
			proxyType = 1;
			remoteGlobalIDString = 421D16F81D9EFBFC0036E81A;
			remoteInfo = Playcaller;
		};
		4247CFF91DA5A4D500CECC3E /* PBXContainerItemProxy */ = {
			isa = PBXContainerItemProxy;
			containerPortal = 421D16F11D9EFBFC0036E81A /* Project object */;
			proxyType = 1;
			remoteGlobalIDString = 4247CFE51DA5A4D400CECC3E;
			remoteInfo = Events;
		};
/* End PBXContainerItemProxy section */

/* Begin PBXCopyFilesBuildPhase section */
		4247D0001DA5A4D500CECC3E /* Embed Frameworks */ = {
			isa = PBXCopyFilesBuildPhase;
			buildActionMask = 2147483647;
			dstPath = "";
			dstSubfolderSpec = 10;
			files = (
				4247CFFC1DA5A4D500CECC3E /* Events.framework in Embed Frameworks */,
			);
			name = "Embed Frameworks";
			runOnlyForDeploymentPostprocessing = 0;
		};
/* End PBXCopyFilesBuildPhase section */

/* Begin PBXFileReference section */
		421636211DA00C8300BB3F2C /* TeamProfileViewController.swift */ = {isa = PBXFileReference; fileEncoding = 4; lastKnownFileType = sourcecode.swift; name = TeamProfileViewController.swift; path = Features/TeamProfileViewController.swift; sourceTree = "<group>"; };
		421636231DA01AB600BB3F2C /* TeamProfileCoordinator.swift */ = {isa = PBXFileReference; fileEncoding = 4; lastKnownFileType = sourcecode.swift; name = TeamProfileCoordinator.swift; path = Features/TeamProfileCoordinator.swift; sourceTree = "<group>"; };
		42169DC21DA2C83B00FD9873 /* Coordinator.swift */ = {isa = PBXFileReference; fileEncoding = 4; lastKnownFileType = sourcecode.swift; path = Coordinator.swift; sourceTree = "<group>"; };
		421D16F91D9EFBFC0036E81A /* Playcaller.app */ = {isa = PBXFileReference; explicitFileType = wrapper.application; includeInIndex = 0; path = Playcaller.app; sourceTree = BUILT_PRODUCTS_DIR; };
		421D16FC1D9EFBFC0036E81A /* AppDelegate.swift */ = {isa = PBXFileReference; lastKnownFileType = sourcecode.swift; path = AppDelegate.swift; sourceTree = "<group>"; };
		421D17011D9EFBFC0036E81A /* Base */ = {isa = PBXFileReference; lastKnownFileType = file.storyboard; name = Base; path = Base.lproj/Main.storyboard; sourceTree = "<group>"; };
		421D17031D9EFBFC0036E81A /* Assets.xcassets */ = {isa = PBXFileReference; lastKnownFileType = folder.assetcatalog; path = Assets.xcassets; sourceTree = "<group>"; };
		421D17061D9EFBFC0036E81A /* Base */ = {isa = PBXFileReference; lastKnownFileType = file.storyboard; name = Base; path = Base.lproj/LaunchScreen.storyboard; sourceTree = "<group>"; };
		421D17081D9EFBFC0036E81A /* Info.plist */ = {isa = PBXFileReference; lastKnownFileType = text.plist.xml; path = Info.plist; sourceTree = "<group>"; };
		421D170D1D9EFBFC0036E81A /* PlaycallerTests.xctest */ = {isa = PBXFileReference; explicitFileType = wrapper.cfbundle; includeInIndex = 0; path = PlaycallerTests.xctest; sourceTree = BUILT_PRODUCTS_DIR; };
		421D17111D9EFBFC0036E81A /* PlaycallerTests.swift */ = {isa = PBXFileReference; lastKnownFileType = sourcecode.swift; path = PlaycallerTests.swift; sourceTree = "<group>"; };
		421D17131D9EFBFC0036E81A /* Info.plist */ = {isa = PBXFileReference; lastKnownFileType = text.plist.xml; path = Info.plist; sourceTree = "<group>"; };
		421D171C1D9EFFA60036E81A /* MainViewController.swift */ = {isa = PBXFileReference; fileEncoding = 4; lastKnownFileType = sourcecode.swift; path = MainViewController.swift; sourceTree = "<group>"; };
		421D171E1D9F05E50036E81A /* UIKit-Extensions.swift */ = {isa = PBXFileReference; fileEncoding = 4; lastKnownFileType = sourcecode.swift; path = "UIKit-Extensions.swift"; sourceTree = "<group>"; };
		421D17201D9F0AB70036E81A /* hashmarks.png */ = {isa = PBXFileReference; lastKnownFileType = image.png; path = hashmarks.png; sourceTree = "<group>"; };
		421D17241D9F39900036E81A /* Playbook.storyboard */ = {isa = PBXFileReference; fileEncoding = 4; lastKnownFileType = file.storyboard; name = Playbook.storyboard; path = Features/Playbook.storyboard; sourceTree = "<group>"; };
		421D17261D9F43630036E81A /* AppCoordinator.swift */ = {isa = PBXFileReference; fileEncoding = 4; lastKnownFileType = sourcecode.swift; path = AppCoordinator.swift; sourceTree = "<group>"; };
		421D17291D9F496D0036E81A /* TeamProfile.storyboard */ = {isa = PBXFileReference; fileEncoding = 4; lastKnownFileType = file.storyboard; path = TeamProfile.storyboard; sourceTree = "<group>"; };
		4247CFDC1DA475D400CECC3E /* CoordinatorTests.swift */ = {isa = PBXFileReference; fileEncoding = 4; lastKnownFileType = sourcecode.swift; path = CoordinatorTests.swift; sourceTree = "<group>"; };
		4247CFDF1DA56FF100CECC3E /* FrostyBackgroundDecoration.swift */ = {isa = PBXFileReference; fileEncoding = 4; lastKnownFileType = sourcecode.swift; name = FrostyBackgroundDecoration.swift; path = Decorations/FrostyBackgroundDecoration.swift; sourceTree = "<group>"; };
		4247CFE61DA5A4D400CECC3E /* Events.framework */ = {isa = PBXFileReference; explicitFileType = wrapper.framework; includeInIndex = 0; path = Events.framework; sourceTree = BUILT_PRODUCTS_DIR; };
		4247CFE81DA5A4D400CECC3E /* Events.h */ = {isa = PBXFileReference; lastKnownFileType = sourcecode.c.h; path = Events.h; sourceTree = "<group>"; };
		4247CFE91DA5A4D400CECC3E /* Info.plist */ = {isa = PBXFileReference; lastKnownFileType = text.plist.xml; path = Info.plist; sourceTree = "<group>"; };
		4247CFEE1DA5A4D500CECC3E /* EventsTests.xctest */ = {isa = PBXFileReference; explicitFileType = wrapper.cfbundle; includeInIndex = 0; path = EventsTests.xctest; sourceTree = BUILT_PRODUCTS_DIR; };
		4247CFF51DA5A4D500CECC3E /* EventsTests.swift */ = {isa = PBXFileReference; lastKnownFileType = sourcecode.swift; path = EventsTests.swift; sourceTree = "<group>"; };
		4247CFF71DA5A4D500CECC3E /* Info.plist */ = {isa = PBXFileReference; lastKnownFileType = text.plist.xml; path = Info.plist; sourceTree = "<group>"; };
		4247D0041DA5A4FD00CECC3E /* EventDistributer.swift */ = {isa = PBXFileReference; fileEncoding = 4; lastKnownFileType = sourcecode.swift; path = EventDistributer.swift; sourceTree = "<group>"; };
		4247D0061DA5A61000CECC3E /* EventDistributerTests.swift */ = {isa = PBXFileReference; fileEncoding = 4; lastKnownFileType = sourcecode.swift; path = EventDistributerTests.swift; sourceTree = "<group>"; };
		42D8CE1B1DA862470024DA7B /* HandlerRegistry.playground */ = {isa = PBXFileReference; lastKnownFileType = file.playground; path = HandlerRegistry.playground; sourceTree = "<group>"; };
/* End PBXFileReference section */

/* Begin PBXFrameworksBuildPhase section */
		421D16F61D9EFBFC0036E81A /* Frameworks */ = {
			isa = PBXFrameworksBuildPhase;
			buildActionMask = 2147483647;
			files = (
				4247CFFB1DA5A4D500CECC3E /* Events.framework in Frameworks */,
			);
			runOnlyForDeploymentPostprocessing = 0;
		};
		421D170A1D9EFBFC0036E81A /* Frameworks */ = {
			isa = PBXFrameworksBuildPhase;
			buildActionMask = 2147483647;
			files = (
			);
			runOnlyForDeploymentPostprocessing = 0;
		};
		4247CFE21DA5A4D400CECC3E /* Frameworks */ = {
			isa = PBXFrameworksBuildPhase;
			buildActionMask = 2147483647;
			files = (
			);
			runOnlyForDeploymentPostprocessing = 0;
		};
		4247CFEB1DA5A4D500CECC3E /* Frameworks */ = {
			isa = PBXFrameworksBuildPhase;
			buildActionMask = 2147483647;
			files = (
				4247CFEF1DA5A4D500CECC3E /* Events.framework in Frameworks */,
			);
			runOnlyForDeploymentPostprocessing = 0;
		};
/* End PBXFrameworksBuildPhase section */

/* Begin PBXGroup section */
		421D16F01D9EFBFC0036E81A = {
			isa = PBXGroup;
			children = (
				421D16FB1D9EFBFC0036E81A /* Playcaller */,
				421D17101D9EFBFC0036E81A /* PlaycallerTests */,
				4247CFE71DA5A4D400CECC3E /* Events */,
				4247CFF41DA5A4D500CECC3E /* EventsTests */,
				421D16FA1D9EFBFC0036E81A /* Products */,
			);
			sourceTree = "<group>";
		};
		421D16FA1D9EFBFC0036E81A /* Products */ = {
			isa = PBXGroup;
			children = (
				421D16F91D9EFBFC0036E81A /* Playcaller.app */,
				421D170D1D9EFBFC0036E81A /* PlaycallerTests.xctest */,
				4247CFE61DA5A4D400CECC3E /* Events.framework */,
				4247CFEE1DA5A4D500CECC3E /* EventsTests.xctest */,
			);
			name = Products;
			sourceTree = "<group>";
		};
		421D16FB1D9EFBFC0036E81A /* Playcaller */ = {
			isa = PBXGroup;
			children = (
				42D8CE1A1DA862310024DA7B /* Playgrounds */,
				4247CFDE1DA56FB500CECC3E /* Decorations */,
				421D17221D9F396F0036E81A /* Features */,
				421D17261D9F43630036E81A /* AppCoordinator.swift */,
				421D16FC1D9EFBFC0036E81A /* AppDelegate.swift */,
				421D171C1D9EFFA60036E81A /* MainViewController.swift */,
				421D17001D9EFBFC0036E81A /* Main.storyboard */,
				421D17031D9EFBFC0036E81A /* Assets.xcassets */,
				42D8CDF61DA848A30024DA7B /* Resources */,
				421D17051D9EFBFC0036E81A /* LaunchScreen.storyboard */,
				421D17081D9EFBFC0036E81A /* Info.plist */,
				421D171E1D9F05E50036E81A /* UIKit-Extensions.swift */,
				42169DC21DA2C83B00FD9873 /* Coordinator.swift */,
			);
			path = Playcaller;
			sourceTree = "<group>";
		};
		421D17101D9EFBFC0036E81A /* PlaycallerTests */ = {
			isa = PBXGroup;
			children = (
				421D17111D9EFBFC0036E81A /* PlaycallerTests.swift */,
				421D17131D9EFBFC0036E81A /* Info.plist */,
				4247CFDC1DA475D400CECC3E /* CoordinatorTests.swift */,
			);
			path = PlaycallerTests;
			sourceTree = "<group>";
		};
		421D17221D9F396F0036E81A /* Features */ = {
			isa = PBXGroup;
			children = (
				421D17281D9F495B0036E81A /* Team Profile */,
				421D17231D9F397D0036E81A /* Playbook */,
			);
			name = Features;
			sourceTree = "<group>";
		};
		421D17231D9F397D0036E81A /* Playbook */ = {
			isa = PBXGroup;
			children = (
				421D17241D9F39900036E81A /* Playbook.storyboard */,
			);
			name = Playbook;
			sourceTree = "<group>";
		};
		421D17281D9F495B0036E81A /* Team Profile */ = {
			isa = PBXGroup;
			children = (
				421D17291D9F496D0036E81A /* TeamProfile.storyboard */,
				421636211DA00C8300BB3F2C /* TeamProfileViewController.swift */,
				421636231DA01AB600BB3F2C /* TeamProfileCoordinator.swift */,
			);
			name = "Team Profile";
			sourceTree = "<group>";
		};
		4247CFDE1DA56FB500CECC3E /* Decorations */ = {
			isa = PBXGroup;
			children = (
				4247CFDF1DA56FF100CECC3E /* FrostyBackgroundDecoration.swift */,
			);
			name = Decorations;
			sourceTree = "<group>";
		};
		4247CFE71DA5A4D400CECC3E /* Events */ = {
			isa = PBXGroup;
			children = (
				4247CFE81DA5A4D400CECC3E /* Events.h */,
				4247CFE91DA5A4D400CECC3E /* Info.plist */,
				4247D0041DA5A4FD00CECC3E /* EventDistributer.swift */,
			);
			path = Events;
			sourceTree = "<group>";
		};
		4247CFF41DA5A4D500CECC3E /* EventsTests */ = {
			isa = PBXGroup;
			children = (
				4247CFF51DA5A4D500CECC3E /* EventsTests.swift */,
				4247D0061DA5A61000CECC3E /* EventDistributerTests.swift */,
				4247CFF71DA5A4D500CECC3E /* Info.plist */,
			);
			path = EventsTests;
			sourceTree = "<group>";
		};
		42D8CDF61DA848A30024DA7B /* Resources */ = {
			isa = PBXGroup;
			children = (
				421D17201D9F0AB70036E81A /* hashmarks.png */,
			);
			name = Resources;
			sourceTree = "<group>";
		};
		42D8CE1A1DA862310024DA7B /* Playgrounds */ = {
			isa = PBXGroup;
			children = (
				42D8CE1B1DA862470024DA7B /* HandlerRegistry.playground */,
			);
			name = Playgrounds;
			sourceTree = "<group>";
		};
/* End PBXGroup section */

/* Begin PBXHeadersBuildPhase section */
		4247CFE31DA5A4D400CECC3E /* Headers */ = {
			isa = PBXHeadersBuildPhase;
			buildActionMask = 2147483647;
			files = (
				4247CFF81DA5A4D500CECC3E /* Events.h in Headers */,
			);
			runOnlyForDeploymentPostprocessing = 0;
		};
/* End PBXHeadersBuildPhase section */

/* Begin PBXNativeTarget section */
		421D16F81D9EFBFC0036E81A /* Playcaller */ = {
			isa = PBXNativeTarget;
			buildConfigurationList = 421D17161D9EFBFC0036E81A /* Build configuration list for PBXNativeTarget "Playcaller" */;
			buildPhases = (
				421D16F51D9EFBFC0036E81A /* Sources */,
				421D16F61D9EFBFC0036E81A /* Frameworks */,
				421D16F71D9EFBFC0036E81A /* Resources */,
				4247D0001DA5A4D500CECC3E /* Embed Frameworks */,
			);
			buildRules = (
			);
			dependencies = (
				4247CFFA1DA5A4D500CECC3E /* PBXTargetDependency */,
			);
			name = Playcaller;
			productName = Playcaller;
			productReference = 421D16F91D9EFBFC0036E81A /* Playcaller.app */;
			productType = "com.apple.product-type.application";
		};
		421D170C1D9EFBFC0036E81A /* PlaycallerTests */ = {
			isa = PBXNativeTarget;
			buildConfigurationList = 421D17191D9EFBFC0036E81A /* Build configuration list for PBXNativeTarget "PlaycallerTests" */;
			buildPhases = (
				421D17091D9EFBFC0036E81A /* Sources */,
				421D170A1D9EFBFC0036E81A /* Frameworks */,
				421D170B1D9EFBFC0036E81A /* Resources */,
			);
			buildRules = (
			);
			dependencies = (
				421D170F1D9EFBFC0036E81A /* PBXTargetDependency */,
			);
			name = PlaycallerTests;
			productName = PlaycallerTests;
			productReference = 421D170D1D9EFBFC0036E81A /* PlaycallerTests.xctest */;
			productType = "com.apple.product-type.bundle.unit-test";
		};
		4247CFE51DA5A4D400CECC3E /* Events */ = {
			isa = PBXNativeTarget;
			buildConfigurationList = 4247CFFD1DA5A4D500CECC3E /* Build configuration list for PBXNativeTarget "Events" */;
			buildPhases = (
				4247CFE11DA5A4D400CECC3E /* Sources */,
				4247CFE21DA5A4D400CECC3E /* Frameworks */,
				4247CFE31DA5A4D400CECC3E /* Headers */,
				4247CFE41DA5A4D400CECC3E /* Resources */,
			);
			buildRules = (
			);
			dependencies = (
			);
			name = Events;
			productName = Events;
			productReference = 4247CFE61DA5A4D400CECC3E /* Events.framework */;
			productType = "com.apple.product-type.framework";
		};
		4247CFED1DA5A4D500CECC3E /* EventsTests */ = {
			isa = PBXNativeTarget;
			buildConfigurationList = 4247D0011DA5A4D500CECC3E /* Build configuration list for PBXNativeTarget "EventsTests" */;
			buildPhases = (
				4247CFEA1DA5A4D500CECC3E /* Sources */,
				4247CFEB1DA5A4D500CECC3E /* Frameworks */,
				4247CFEC1DA5A4D500CECC3E /* Resources */,
			);
			buildRules = (
			);
			dependencies = (
				4247CFF11DA5A4D500CECC3E /* PBXTargetDependency */,
				4247CFF31DA5A4D500CECC3E /* PBXTargetDependency */,
			);
			name = EventsTests;
			productName = EventsTests;
			productReference = 4247CFEE1DA5A4D500CECC3E /* EventsTests.xctest */;
			productType = "com.apple.product-type.bundle.unit-test";
		};
/* End PBXNativeTarget section */

/* Begin PBXProject section */
		421D16F11D9EFBFC0036E81A /* Project object */ = {
			isa = PBXProject;
			attributes = {
				LastSwiftUpdateCheck = 0800;
				LastUpgradeCheck = 0800;
				ORGANIZATIONNAME = "Kam Dahlin";
				TargetAttributes = {
					421D16F81D9EFBFC0036E81A = {
						CreatedOnToolsVersion = 8.0;
						DevelopmentTeam = FKB7656F6P;
						ProvisioningStyle = Automatic;
					};
					421D170C1D9EFBFC0036E81A = {
						CreatedOnToolsVersion = 8.0;
						DevelopmentTeam = FKB7656F6P;
						ProvisioningStyle = Automatic;
						TestTargetID = 421D16F81D9EFBFC0036E81A;
					};
					4247CFE51DA5A4D400CECC3E = {
						CreatedOnToolsVersion = 8.0;
						DevelopmentTeam = FKB7656F6P;
						LastSwiftMigration = 0800;
						ProvisioningStyle = Automatic;
					};
					4247CFED1DA5A4D500CECC3E = {
						CreatedOnToolsVersion = 8.0;
						DevelopmentTeam = FKB7656F6P;
						ProvisioningStyle = Automatic;
						TestTargetID = 421D16F81D9EFBFC0036E81A;
					};
				};
			};
			buildConfigurationList = 421D16F41D9EFBFC0036E81A /* Build configuration list for PBXProject "Playcaller" */;
			compatibilityVersion = "Xcode 3.2";
			developmentRegion = English;
			hasScannedForEncodings = 0;
			knownRegions = (
				en,
				Base,
			);
			mainGroup = 421D16F01D9EFBFC0036E81A;
			productRefGroup = 421D16FA1D9EFBFC0036E81A /* Products */;
			projectDirPath = "";
			projectRoot = "";
			targets = (
				421D16F81D9EFBFC0036E81A /* Playcaller */,
				421D170C1D9EFBFC0036E81A /* PlaycallerTests */,
				4247CFE51DA5A4D400CECC3E /* Events */,
				4247CFED1DA5A4D500CECC3E /* EventsTests */,
			);
		};
/* End PBXProject section */

/* Begin PBXResourcesBuildPhase section */
		421D16F71D9EFBFC0036E81A /* Resources */ = {
			isa = PBXResourcesBuildPhase;
			buildActionMask = 2147483647;
			files = (
				421D17071D9EFBFC0036E81A /* LaunchScreen.storyboard in Resources */,
				421D172A1D9F496D0036E81A /* TeamProfile.storyboard in Resources */,
				421D17251D9F39900036E81A /* Playbook.storyboard in Resources */,
				421D17041D9EFBFC0036E81A /* Assets.xcassets in Resources */,
				421D17211D9F0AB70036E81A /* hashmarks.png in Resources */,
				421D17021D9EFBFC0036E81A /* Main.storyboard in Resources */,
			);
			runOnlyForDeploymentPostprocessing = 0;
		};
		421D170B1D9EFBFC0036E81A /* Resources */ = {
			isa = PBXResourcesBuildPhase;
			buildActionMask = 2147483647;
			files = (
			);
			runOnlyForDeploymentPostprocessing = 0;
		};
		4247CFE41DA5A4D400CECC3E /* Resources */ = {
			isa = PBXResourcesBuildPhase;
			buildActionMask = 2147483647;
			files = (
			);
			runOnlyForDeploymentPostprocessing = 0;
		};
		4247CFEC1DA5A4D500CECC3E /* Resources */ = {
			isa = PBXResourcesBuildPhase;
			buildActionMask = 2147483647;
			files = (
			);
			runOnlyForDeploymentPostprocessing = 0;
		};
/* End PBXResourcesBuildPhase section */

/* Begin PBXSourcesBuildPhase section */
		421D16F51D9EFBFC0036E81A /* Sources */ = {
			isa = PBXSourcesBuildPhase;
			buildActionMask = 2147483647;
			files = (
				421636221DA00C8300BB3F2C /* TeamProfileViewController.swift in Sources */,
				421D17271D9F43630036E81A /* AppCoordinator.swift in Sources */,
				421D16FD1D9EFBFC0036E81A /* AppDelegate.swift in Sources */,
				421636241DA01AB600BB3F2C /* TeamProfileCoordinator.swift in Sources */,
				4247CFE01DA56FF100CECC3E /* FrostyBackgroundDecoration.swift in Sources */,
				421D171D1D9EFFA60036E81A /* MainViewController.swift in Sources */,
				421D171F1D9F05E50036E81A /* UIKit-Extensions.swift in Sources */,
				42169DC31DA2C83B00FD9873 /* Coordinator.swift in Sources */,
			);
			runOnlyForDeploymentPostprocessing = 0;
		};
		421D17091D9EFBFC0036E81A /* Sources */ = {
			isa = PBXSourcesBuildPhase;
			buildActionMask = 2147483647;
			files = (
				4247CFDD1DA475D400CECC3E /* CoordinatorTests.swift in Sources */,
				421D17121D9EFBFC0036E81A /* PlaycallerTests.swift in Sources */,
			);
			runOnlyForDeploymentPostprocessing = 0;
		};
		4247CFE11DA5A4D400CECC3E /* Sources */ = {
			isa = PBXSourcesBuildPhase;
			buildActionMask = 2147483647;
			files = (
				4247D0051DA5A4FD00CECC3E /* EventDistributer.swift in Sources */,
			);
			runOnlyForDeploymentPostprocessing = 0;
		};
		4247CFEA1DA5A4D500CECC3E /* Sources */ = {
			isa = PBXSourcesBuildPhase;
			buildActionMask = 2147483647;
			files = (
				4247D0071DA5A61000CECC3E /* EventDistributerTests.swift in Sources */,
				4247CFF61DA5A4D500CECC3E /* EventsTests.swift in Sources */,
			);
			runOnlyForDeploymentPostprocessing = 0;
		};
/* End PBXSourcesBuildPhase section */

/* Begin PBXTargetDependency section */
		421D170F1D9EFBFC0036E81A /* PBXTargetDependency */ = {
			isa = PBXTargetDependency;
			target = 421D16F81D9EFBFC0036E81A /* Playcaller */;
			targetProxy = 421D170E1D9EFBFC0036E81A /* PBXContainerItemProxy */;
		};
		4247CFF11DA5A4D500CECC3E /* PBXTargetDependency */ = {
			isa = PBXTargetDependency;
			target = 4247CFE51DA5A4D400CECC3E /* Events */;
			targetProxy = 4247CFF01DA5A4D500CECC3E /* PBXContainerItemProxy */;
		};
		4247CFF31DA5A4D500CECC3E /* PBXTargetDependency */ = {
			isa = PBXTargetDependency;
			target = 421D16F81D9EFBFC0036E81A /* Playcaller */;
			targetProxy = 4247CFF21DA5A4D500CECC3E /* PBXContainerItemProxy */;
		};
		4247CFFA1DA5A4D500CECC3E /* PBXTargetDependency */ = {
			isa = PBXTargetDependency;
			target = 4247CFE51DA5A4D400CECC3E /* Events */;
			targetProxy = 4247CFF91DA5A4D500CECC3E /* PBXContainerItemProxy */;
		};
/* End PBXTargetDependency section */

/* Begin PBXVariantGroup section */
		421D17001D9EFBFC0036E81A /* Main.storyboard */ = {
			isa = PBXVariantGroup;
			children = (
				421D17011D9EFBFC0036E81A /* Base */,
			);
			name = Main.storyboard;
			sourceTree = "<group>";
		};
		421D17051D9EFBFC0036E81A /* LaunchScreen.storyboard */ = {
			isa = PBXVariantGroup;
			children = (
				421D17061D9EFBFC0036E81A /* Base */,
			);
			name = LaunchScreen.storyboard;
			sourceTree = "<group>";
		};
/* End PBXVariantGroup section */

/* Begin XCBuildConfiguration section */
		421D17141D9EFBFC0036E81A /* Debug */ = {
			isa = XCBuildConfiguration;
			buildSettings = {
				ALWAYS_SEARCH_USER_PATHS = NO;
				CLANG_ANALYZER_NONNULL = YES;
				CLANG_CXX_LANGUAGE_STANDARD = "gnu++0x";
				CLANG_CXX_LIBRARY = "libc++";
				CLANG_ENABLE_MODULES = YES;
				CLANG_ENABLE_OBJC_ARC = YES;
				CLANG_WARN_BOOL_CONVERSION = YES;
				CLANG_WARN_CONSTANT_CONVERSION = YES;
				CLANG_WARN_DIRECT_OBJC_ISA_USAGE = YES_ERROR;
				CLANG_WARN_DOCUMENTATION_COMMENTS = YES;
				CLANG_WARN_EMPTY_BODY = YES;
				CLANG_WARN_ENUM_CONVERSION = YES;
				CLANG_WARN_INFINITE_RECURSION = YES;
				CLANG_WARN_INT_CONVERSION = YES;
				CLANG_WARN_OBJC_ROOT_CLASS = YES_ERROR;
				CLANG_WARN_SUSPICIOUS_MOVES = YES;
				CLANG_WARN_UNREACHABLE_CODE = YES;
				CLANG_WARN__DUPLICATE_METHOD_MATCH = YES;
				"CODE_SIGN_IDENTITY[sdk=iphoneos*]" = "iPhone Developer";
				COPY_PHASE_STRIP = NO;
				DEBUG_INFORMATION_FORMAT = dwarf;
				ENABLE_STRICT_OBJC_MSGSEND = YES;
				ENABLE_TESTABILITY = YES;
				GCC_C_LANGUAGE_STANDARD = gnu99;
				GCC_DYNAMIC_NO_PIC = NO;
				GCC_NO_COMMON_BLOCKS = YES;
				GCC_OPTIMIZATION_LEVEL = 0;
				GCC_PREPROCESSOR_DEFINITIONS = (
					"DEBUG=1",
					"$(inherited)",
				);
				GCC_WARN_64_TO_32_BIT_CONVERSION = YES;
				GCC_WARN_ABOUT_RETURN_TYPE = YES_ERROR;
				GCC_WARN_UNDECLARED_SELECTOR = YES;
				GCC_WARN_UNINITIALIZED_AUTOS = YES_AGGRESSIVE;
				GCC_WARN_UNUSED_FUNCTION = YES;
				GCC_WARN_UNUSED_VARIABLE = YES;
				IPHONEOS_DEPLOYMENT_TARGET = 10.0;
				MTL_ENABLE_DEBUG_INFO = YES;
				ONLY_ACTIVE_ARCH = YES;
				SDKROOT = iphoneos;
				SWIFT_ACTIVE_COMPILATION_CONDITIONS = DEBUG;
				SWIFT_OPTIMIZATION_LEVEL = "-Onone";
				TARGETED_DEVICE_FAMILY = "1,2";
			};
			name = Debug;
		};
		421D17151D9EFBFC0036E81A /* Release */ = {
			isa = XCBuildConfiguration;
			buildSettings = {
				ALWAYS_SEARCH_USER_PATHS = NO;
				CLANG_ANALYZER_NONNULL = YES;
				CLANG_CXX_LANGUAGE_STANDARD = "gnu++0x";
				CLANG_CXX_LIBRARY = "libc++";
				CLANG_ENABLE_MODULES = YES;
				CLANG_ENABLE_OBJC_ARC = YES;
				CLANG_WARN_BOOL_CONVERSION = YES;
				CLANG_WARN_CONSTANT_CONVERSION = YES;
				CLANG_WARN_DIRECT_OBJC_ISA_USAGE = YES_ERROR;
				CLANG_WARN_DOCUMENTATION_COMMENTS = YES;
				CLANG_WARN_EMPTY_BODY = YES;
				CLANG_WARN_ENUM_CONVERSION = YES;
				CLANG_WARN_INFINITE_RECURSION = YES;
				CLANG_WARN_INT_CONVERSION = YES;
				CLANG_WARN_OBJC_ROOT_CLASS = YES_ERROR;
				CLANG_WARN_SUSPICIOUS_MOVES = YES;
				CLANG_WARN_UNREACHABLE_CODE = YES;
				CLANG_WARN__DUPLICATE_METHOD_MATCH = YES;
				"CODE_SIGN_IDENTITY[sdk=iphoneos*]" = "iPhone Developer";
				COPY_PHASE_STRIP = NO;
				DEBUG_INFORMATION_FORMAT = "dwarf-with-dsym";
				ENABLE_NS_ASSERTIONS = NO;
				ENABLE_STRICT_OBJC_MSGSEND = YES;
				GCC_C_LANGUAGE_STANDARD = gnu99;
				GCC_NO_COMMON_BLOCKS = YES;
				GCC_WARN_64_TO_32_BIT_CONVERSION = YES;
				GCC_WARN_ABOUT_RETURN_TYPE = YES_ERROR;
				GCC_WARN_UNDECLARED_SELECTOR = YES;
				GCC_WARN_UNINITIALIZED_AUTOS = YES_AGGRESSIVE;
				GCC_WARN_UNUSED_FUNCTION = YES;
				GCC_WARN_UNUSED_VARIABLE = YES;
				IPHONEOS_DEPLOYMENT_TARGET = 10.0;
				MTL_ENABLE_DEBUG_INFO = NO;
				SDKROOT = iphoneos;
				SWIFT_OPTIMIZATION_LEVEL = "-Owholemodule";
				TARGETED_DEVICE_FAMILY = "1,2";
				VALIDATE_PRODUCT = YES;
			};
			name = Release;
		};
		421D17171D9EFBFC0036E81A /* Debug */ = {
			isa = XCBuildConfiguration;
			buildSettings = {
				ALWAYS_EMBED_SWIFT_STANDARD_LIBRARIES = YES;
				ASSETCATALOG_COMPILER_APPICON_NAME = AppIcon;
				DEVELOPMENT_TEAM = FKB7656F6P;
				INFOPLIST_FILE = Playcaller/Info.plist;
				LD_RUNPATH_SEARCH_PATHS = "$(inherited) @executable_path/Frameworks";
				PRODUCT_BUNDLE_IDENTIFIER = com.kamdahlin.Playcaller;
				PRODUCT_NAME = "$(TARGET_NAME)";
				SWIFT_VERSION = 3.0;
			};
			name = Debug;
		};
		421D17181D9EFBFC0036E81A /* Release */ = {
			isa = XCBuildConfiguration;
			buildSettings = {
				ALWAYS_EMBED_SWIFT_STANDARD_LIBRARIES = YES;
				ASSETCATALOG_COMPILER_APPICON_NAME = AppIcon;
				DEVELOPMENT_TEAM = FKB7656F6P;
				INFOPLIST_FILE = Playcaller/Info.plist;
				LD_RUNPATH_SEARCH_PATHS = "$(inherited) @executable_path/Frameworks";
				PRODUCT_BUNDLE_IDENTIFIER = com.kamdahlin.Playcaller;
				PRODUCT_NAME = "$(TARGET_NAME)";
				SWIFT_VERSION = 3.0;
			};
			name = Release;
		};
		421D171A1D9EFBFC0036E81A /* Debug */ = {
			isa = XCBuildConfiguration;
			buildSettings = {
				ALWAYS_EMBED_SWIFT_STANDARD_LIBRARIES = YES;
				BUNDLE_LOADER = "$(TEST_HOST)";
				DEVELOPMENT_TEAM = FKB7656F6P;
				INFOPLIST_FILE = PlaycallerTests/Info.plist;
				LD_RUNPATH_SEARCH_PATHS = "$(inherited) @executable_path/Frameworks @loader_path/Frameworks";
				PRODUCT_BUNDLE_IDENTIFIER = com.kamdahlin.PlaycallerTests;
				PRODUCT_NAME = "$(TARGET_NAME)";
				SWIFT_VERSION = 3.0;
				TEST_HOST = "$(BUILT_PRODUCTS_DIR)/Playcaller.app/Playcaller";
			};
			name = Debug;
		};
		421D171B1D9EFBFC0036E81A /* Release */ = {
			isa = XCBuildConfiguration;
			buildSettings = {
				ALWAYS_EMBED_SWIFT_STANDARD_LIBRARIES = YES;
				BUNDLE_LOADER = "$(TEST_HOST)";
				DEVELOPMENT_TEAM = FKB7656F6P;
				INFOPLIST_FILE = PlaycallerTests/Info.plist;
				LD_RUNPATH_SEARCH_PATHS = "$(inherited) @executable_path/Frameworks @loader_path/Frameworks";
				PRODUCT_BUNDLE_IDENTIFIER = com.kamdahlin.PlaycallerTests;
				PRODUCT_NAME = "$(TARGET_NAME)";
				SWIFT_VERSION = 3.0;
				TEST_HOST = "$(BUILT_PRODUCTS_DIR)/Playcaller.app/Playcaller";
			};
			name = Release;
		};
		4247CFFE1DA5A4D500CECC3E /* Debug */ = {
			isa = XCBuildConfiguration;
			buildSettings = {
				CLANG_ENABLE_MODULES = YES;
				CODE_SIGN_IDENTITY = "";
				CURRENT_PROJECT_VERSION = 1;
				DEFINES_MODULE = YES;
				DEVELOPMENT_TEAM = FKB7656F6P;
				DYLIB_COMPATIBILITY_VERSION = 1;
				DYLIB_CURRENT_VERSION = 1;
				DYLIB_INSTALL_NAME_BASE = "@rpath";
				INFOPLIST_FILE = Events/Info.plist;
				INSTALL_PATH = "$(LOCAL_LIBRARY_DIR)/Frameworks";
				LD_RUNPATH_SEARCH_PATHS = "$(inherited) @executable_path/Frameworks @loader_path/Frameworks";
				PRODUCT_BUNDLE_IDENTIFIER = com.kamdahlin.Events;
				PRODUCT_NAME = "$(TARGET_NAME)";
				SKIP_INSTALL = YES;
				SWIFT_OPTIMIZATION_LEVEL = "-Onone";
				SWIFT_VERSION = 3.0;
				VERSIONING_SYSTEM = "apple-generic";
				VERSION_INFO_PREFIX = "";
			};
			name = Debug;
		};
		4247CFFF1DA5A4D500CECC3E /* Release */ = {
			isa = XCBuildConfiguration;
			buildSettings = {
				CLANG_ENABLE_MODULES = YES;
				CODE_SIGN_IDENTITY = "";
				CURRENT_PROJECT_VERSION = 1;
				DEFINES_MODULE = YES;
				DEVELOPMENT_TEAM = FKB7656F6P;
				DYLIB_COMPATIBILITY_VERSION = 1;
				DYLIB_CURRENT_VERSION = 1;
				DYLIB_INSTALL_NAME_BASE = "@rpath";
				INFOPLIST_FILE = Events/Info.plist;
				INSTALL_PATH = "$(LOCAL_LIBRARY_DIR)/Frameworks";
				LD_RUNPATH_SEARCH_PATHS = "$(inherited) @executable_path/Frameworks @loader_path/Frameworks";
				PRODUCT_BUNDLE_IDENTIFIER = com.kamdahlin.Events;
				PRODUCT_NAME = "$(TARGET_NAME)";
				SKIP_INSTALL = YES;
				SWIFT_VERSION = 3.0;
				VERSIONING_SYSTEM = "apple-generic";
				VERSION_INFO_PREFIX = "";
			};
			name = Release;
		};
		4247D0021DA5A4D500CECC3E /* Debug */ = {
			isa = XCBuildConfiguration;
			buildSettings = {
				ALWAYS_EMBED_SWIFT_STANDARD_LIBRARIES = YES;
				DEVELOPMENT_TEAM = FKB7656F6P;
				INFOPLIST_FILE = EventsTests/Info.plist;
				LD_RUNPATH_SEARCH_PATHS = "$(inherited) @executable_path/Frameworks @loader_path/Frameworks";
				PRODUCT_BUNDLE_IDENTIFIER = com.kamdahlin.EventsTests;
				PRODUCT_NAME = "$(TARGET_NAME)";
				SWIFT_VERSION = 3.0;
				TEST_HOST = "$(BUILT_PRODUCTS_DIR)/Playcaller.app/Playcaller";
			};
			name = Debug;
		};
		4247D0031DA5A4D500CECC3E /* Release */ = {
			isa = XCBuildConfiguration;
			buildSettings = {
				ALWAYS_EMBED_SWIFT_STANDARD_LIBRARIES = YES;
				DEVELOPMENT_TEAM = FKB7656F6P;
				INFOPLIST_FILE = EventsTests/Info.plist;
				LD_RUNPATH_SEARCH_PATHS = "$(inherited) @executable_path/Frameworks @loader_path/Frameworks";
				PRODUCT_BUNDLE_IDENTIFIER = com.kamdahlin.EventsTests;
				PRODUCT_NAME = "$(TARGET_NAME)";
				SWIFT_VERSION = 3.0;
				TEST_HOST = "$(BUILT_PRODUCTS_DIR)/Playcaller.app/Playcaller";
			};
			name = Release;
		};
/* End XCBuildConfiguration section */

/* Begin XCConfigurationList section */
		421D16F41D9EFBFC0036E81A /* Build configuration list for PBXProject "Playcaller" */ = {
			isa = XCConfigurationList;
			buildConfigurations = (
				421D17141D9EFBFC0036E81A /* Debug */,
				421D17151D9EFBFC0036E81A /* Release */,
			);
			defaultConfigurationIsVisible = 0;
			defaultConfigurationName = Release;
		};
		421D17161D9EFBFC0036E81A /* Build configuration list for PBXNativeTarget "Playcaller" */ = {
			isa = XCConfigurationList;
			buildConfigurations = (
				421D17171D9EFBFC0036E81A /* Debug */,
				421D17181D9EFBFC0036E81A /* Release */,
			);
			defaultConfigurationIsVisible = 0;
			defaultConfigurationName = Release;
		};
		421D17191D9EFBFC0036E81A /* Build configuration list for PBXNativeTarget "PlaycallerTests" */ = {
			isa = XCConfigurationList;
			buildConfigurations = (
				421D171A1D9EFBFC0036E81A /* Debug */,
				421D171B1D9EFBFC0036E81A /* Release */,
			);
			defaultConfigurationIsVisible = 0;
			defaultConfigurationName = Release;
		};
		4247CFFD1DA5A4D500CECC3E /* Build configuration list for PBXNativeTarget "Events" */ = {
			isa = XCConfigurationList;
			buildConfigurations = (
				4247CFFE1DA5A4D500CECC3E /* Debug */,
				4247CFFF1DA5A4D500CECC3E /* Release */,
			);
			defaultConfigurationIsVisible = 0;
			defaultConfigurationName = Release;
		};
		4247D0011DA5A4D500CECC3E /* Build configuration list for PBXNativeTarget "EventsTests" */ = {
			isa = XCConfigurationList;
			buildConfigurations = (
				4247D0021DA5A4D500CECC3E /* Debug */,
				4247D0031DA5A4D500CECC3E /* Release */,
			);
			defaultConfigurationIsVisible = 0;
			defaultConfigurationName = Release;
		};
/* End XCConfigurationList section */
	};
	rootObject = 421D16F11D9EFBFC0036E81A /* Project object */;
}
